{
  "name": "alexaworld-responsebuilder",
  "version": "1.0.8",
  "lockfileVersion": 1,
  "requires": true,
  "dependencies": {
    "alexaworld-nodejs-common": {
      "version": "1.0.7",
      "resolved": "https://registry.npmjs.org/alexaworld-nodejs-common/-/alexaworld-nodejs-common-1.0.7.tgz",
      "integrity": "sha512-61TeTwllKXkCbC250iEUS15YnnCs75dF1NtfWfkCrgV6XEidR1KYx9ECouRNs/IiK+pmWwkqkZcbkomeQGtv3w=="
    }
  }
}
