{
  "name": "alexaworld-responsebuilder",
  "version": "1.0.5",
  "lockfileVersion": 1,
  "requires": true,
  "dependencies": {
    "alexaworld-nodejs-common": {
      "version": "1.0.1",
      "resolved": "https://registry.npmjs.org/alexaworld-nodejs-common/-/alexaworld-nodejs-common-1.0.1.tgz",
      "integrity": "sha512-TmjOcOI9U9REkKGrd+1qUXPVAT089x3LOt2jLRvF3NTllVzUHTOYTA97/5q8iSKdefwukA+3oZLR357obo1PVA=="
    }
  }
}
