{
  "name": "alexaworld-responsebuilder",
  "version": "1.0.17",
  "lockfileVersion": 1,
  "requires": true,
  "dependencies": {
    "alexaworld-nodejs-common": {
      "version": "1.0.8",
      "resolved": "https://registry.npmjs.org/alexaworld-nodejs-common/-/alexaworld-nodejs-common-1.0.8.tgz",
      "integrity": "sha512-+dbmyWMCPYwraIkBzJF0xdXS3CdI7fw6XN8XSuiDcyUcOh/2QgubbLkVqb5BYZ0vf1ndyoFYY1/tStPimfCUoQ=="
    }
  }
}
